# THIS IS AN AUTOGENERATED FILE. DO NOT EDIT THIS FILE DIRECTLY.
# yarn lockfile v1


"@luckycatfactory/esbuild-graphql-loader@^3.6.0":
  version "3.7.0"
  resolved "https://registry.yarnpkg.com/@luckycatfactory/esbuild-graphql-loader/-/esbuild-graphql-loader-3.7.0.tgz#0c84eb8f18f704e00463200001c0c9b520a41c34"
  integrity sha512-5IMQvIa2bCMASsdAsY+5xeLWCWULE6HBw5TeA7lsdfBUTs1qFuXbdvxnZhxLxiF8x7biokjCWKzb2WWNa1wthQ==

"@shopify/shopify-cli-extensions@0.2.3":
  version "0.2.3"
  resolved "https://registry.yarnpkg.com/@shopify/shopify-cli-extensions/-/shopify-cli-extensions-0.2.3.tgz#4a979f86f0ab6b3ab43fd6c99d4bdbf16f7bc104"
  integrity sha512-1EsoVN4TgEwLTbgi1KJ8DU+ryhjGDY8CzAC+1iVlxSS7o/t3G+Ejsg98JRkGV8c9TrqNiAnEZeyBnc4zhyAGpQ==
  dependencies:
    "@luckycatfactory/esbuild-graphql-loader" "^3.6.0"
    esbuild "^0.12.22"
    js-yaml "^4.1.0"

argparse@^2.0.1:
  version "2.0.1"
  resolved "https://registry.yarnpkg.com/argparse/-/argparse-2.0.1.tgz#246f50f3ca78a3240f6c997e8a9bd1eac49e4b38"
  integrity sha512-8+9WqebbFzpX9OR+Wa6O29asIogeRMzcGtAINdpMHHyAg10f05aSFVBbcEqGf/PXw1EjAZ+q2/bEBg3DvurK3Q==

esbuild@^0.12.22:
  version "0.12.29"
  resolved "https://registry.yarnpkg.com/esbuild/-/esbuild-0.12.29.tgz#be602db7c4dc78944a9dbde0d1ea19d36c1f882d"
  integrity sha512-w/XuoBCSwepyiZtIRsKsetiLDUVGPVw1E/R3VTFSecIy8UR7Cq3SOtwKHJMFoVqqVG36aGkzh4e8BvpO1Fdc7g==

js-yaml@^4.1.0:
  version "4.1.0"
  resolved "https://registry.yarnpkg.com/js-yaml/-/js-yaml-4.1.0.tgz#c1fb65f8f5017901cdd2c951864ba18458a10602"
  integrity sha512-wpxZs9NoxZaJESJGIZTyDEaYpl0FKSA+FB9aJiyemKhMwkxQg63h4T1KJgUGHpTqPDNRcmmYLugrRjJlBtWvRA==
  dependencies:
    argparse "^2.0.1"
